
Microsoft Visual Studio Solution File, Format Version 12.00
# Visual Studio Version 17
VisualStudioVersion = 17.6.33723.286
MinimumVisualStudioVersion = 10.0.40219.1
Project("{FAE04EC0-301F-11D3-BF4B-00C04F79EFBC}") = "EntityFrameworkCore.MySQL", "EntityFrameworkCore.MySQL\EntityFrameworkCore.MySQL.csproj", "{C6133A74-15AC-4605-A350-826A430AD9CB}"
EndProject
Global
	GlobalSection(SolutionConfigurationPlatforms) = preSolution
		Debug|Any CPU = Debug|Any CPU
		Release|Any CPU = Release|Any CPU
	EndGlobalSection
	GlobalSection(ProjectConfigurationPlatforms) = postSolution
		{C6133A74-15AC-4605-A350-826A430AD9CB}.Debug|Any CPU.ActiveCfg = Debug|Any CPU
		{C6133A74-15AC-4605-A350-826A430AD9CB}.Debug|Any CPU.Build.0 = Debug|Any CPU
		{C6133A74-15AC-4605-A350-826A430AD9CB}.Release|Any CPU.ActiveCfg = Release|Any CPU
		{C6133A74-15AC-4605-A350-826A430AD9CB}.Release|Any CPU.Build.0 = Release|Any CPU
	EndGlobalSection
	GlobalSection(SolutionProperties) = preSolution
		HideSolutionNode = FALSE
	EndGlobalSection
	GlobalSection(ExtensibilityGlobals) = postSolution
		SolutionGuid = {C2860B64-77C5-4DA6-8889-4A33A117C581}
	EndGlobalSection
EndGlobal
